
Microsoft Visual Studio Solution File, Format Version 12.00
# Visual Studio Version 16
VisualStudioVersion = 16.0.30104.148
MinimumVisualStudioVersion = 10.0.40219.1
Project("{9A19103F-16F7-4668-BE54-9A1E7A4F7556}") = "AmStInter.DataSource", "AmStInter.DataSource\AmStInter.DataSource.csproj", "{E2162190-1D7E-4F89-84F2-D92FDFE4557C}"
EndProject
Project("{2150E333-8FDC-42A3-9474-1A3956D46DE8}") = "Tests", "Tests", "{0CCBB8D4-BC02-4C25-974E-84C759654B48}"
EndProject
Project("{9A19103F-16F7-4668-BE54-9A1E7A4F7556}") = "AmStInter.DataSource.Tests", "AmStInter.DataSource.Tests\AmStInter.DataSource.Tests.csproj", "{4F606BF7-AEE6-43DC-A0DA-1515C06F7287}"
EndProject
Project("{2150E333-8FDC-42A3-9474-1A3956D46DE8}") = "Src", "Src", "{949DF28F-EDA4-46A6-A844-CB13307E329F}"
EndProject
Project("{9A19103F-16F7-4668-BE54-9A1E7A4F7556}") = "AmStInter.Application", "AmStInter.Application\AmStInter.Application.csproj", "{13C9D796-3D4E-4E71-8641-CB0543D56B07}"
EndProject
Project("{9A19103F-16F7-4668-BE54-9A1E7A4F7556}") = "AmStInter.Application.Tests", "AmStInter.Application.Tests\AmStInter.Application.Tests.csproj", "{0727FB5D-D44C-4B5C-95A2-CBC21B296F9F}"
EndProject
Project("{2150E333-8FDC-42A3-9474-1A3956D46DE8}") = "Presentation", "Presentation", "{B7431FF7-F83B-49D8-A00B-1FC4B1268062}"
EndProject
Project("{9A19103F-16F7-4668-BE54-9A1E7A4F7556}") = "AmStInter.ConsoleApp", "AmStInter.ConsoleApp\AmStInter.ConsoleApp.csproj", "{4F016B37-7E76-430B-B131-FFE685E7EBFE}"
EndProject
Project("{FAE04EC0-301F-11D3-BF4B-00C04F79EFBC}") = "AmStInter.WebApp", "AmStInter.WebApp\AmStInter.WebApp.csproj", "{36173063-168D-49B5-AC45-753E57E3A625}"
EndProject
Global
	GlobalSection(SolutionConfigurationPlatforms) = preSolution
		Debug|Any CPU = Debug|Any CPU
		Release|Any CPU = Release|Any CPU
	EndGlobalSection
	GlobalSection(ProjectConfigurationPlatforms) = postSolution
		{E2162190-1D7E-4F89-84F2-D92FDFE4557C}.Debug|Any CPU.ActiveCfg = Debug|Any CPU
		{E2162190-1D7E-4F89-84F2-D92FDFE4557C}.Debug|Any CPU.Build.0 = Debug|Any CPU
		{E2162190-1D7E-4F89-84F2-D92FDFE4557C}.Release|Any CPU.ActiveCfg = Release|Any CPU
		{E2162190-1D7E-4F89-84F2-D92FDFE4557C}.Release|Any CPU.Build.0 = Release|Any CPU
		{4F606BF7-AEE6-43DC-A0DA-1515C06F7287}.Debug|Any CPU.ActiveCfg = Debug|Any CPU
		{4F606BF7-AEE6-43DC-A0DA-1515C06F7287}.Debug|Any CPU.Build.0 = Debug|Any CPU
		{4F606BF7-AEE6-43DC-A0DA-1515C06F7287}.Release|Any CPU.ActiveCfg = Release|Any CPU
		{4F606BF7-AEE6-43DC-A0DA-1515C06F7287}.Release|Any CPU.Build.0 = Release|Any CPU
		{13C9D796-3D4E-4E71-8641-CB0543D56B07}.Debug|Any CPU.ActiveCfg = Debug|Any CPU
		{13C9D796-3D4E-4E71-8641-CB0543D56B07}.Debug|Any CPU.Build.0 = Debug|Any CPU
		{13C9D796-3D4E-4E71-8641-CB0543D56B07}.Release|Any CPU.ActiveCfg = Release|Any CPU
		{13C9D796-3D4E-4E71-8641-CB0543D56B07}.Release|Any CPU.Build.0 = Release|Any CPU
		{0727FB5D-D44C-4B5C-95A2-CBC21B296F9F}.Debug|Any CPU.ActiveCfg = Debug|Any CPU
		{0727FB5D-D44C-4B5C-95A2-CBC21B296F9F}.Debug|Any CPU.Build.0 = Debug|Any CPU
		{0727FB5D-D44C-4B5C-95A2-CBC21B296F9F}.Release|Any CPU.ActiveCfg = Release|Any CPU
		{0727FB5D-D44C-4B5C-95A2-CBC21B296F9F}.Release|Any CPU.Build.0 = Release|Any CPU
		{4F016B37-7E76-430B-B131-FFE685E7EBFE}.Debug|Any CPU.ActiveCfg = Debug|Any CPU
		{4F016B37-7E76-430B-B131-FFE685E7EBFE}.Debug|Any CPU.Build.0 = Debug|Any CPU
		{4F016B37-7E76-430B-B131-FFE685E7EBFE}.Release|Any CPU.ActiveCfg = Release|Any CPU
		{4F016B37-7E76-430B-B131-FFE685E7EBFE}.Release|Any CPU.Build.0 = Release|Any CPU
		{36173063-168D-49B5-AC45-753E57E3A625}.Debug|Any CPU.ActiveCfg = Debug|Any CPU
		{36173063-168D-49B5-AC45-753E57E3A625}.Debug|Any CPU.Build.0 = Debug|Any CPU
		{36173063-168D-49B5-AC45-753E57E3A625}.Release|Any CPU.ActiveCfg = Release|Any CPU
		{36173063-168D-49B5-AC45-753E57E3A625}.Release|Any CPU.Build.0 = Release|Any CPU
	EndGlobalSection
	GlobalSection(SolutionProperties) = preSolution
		HideSolutionNode = FALSE
	EndGlobalSection
	GlobalSection(NestedProjects) = preSolution
		{E2162190-1D7E-4F89-84F2-D92FDFE4557C} = {949DF28F-EDA4-46A6-A844-CB13307E329F}
		{4F606BF7-AEE6-43DC-A0DA-1515C06F7287} = {0CCBB8D4-BC02-4C25-974E-84C759654B48}
		{13C9D796-3D4E-4E71-8641-CB0543D56B07} = {949DF28F-EDA4-46A6-A844-CB13307E329F}
		{0727FB5D-D44C-4B5C-95A2-CBC21B296F9F} = {0CCBB8D4-BC02-4C25-974E-84C759654B48}
		{4F016B37-7E76-430B-B131-FFE685E7EBFE} = {B7431FF7-F83B-49D8-A00B-1FC4B1268062}
		{36173063-168D-49B5-AC45-753E57E3A625} = {B7431FF7-F83B-49D8-A00B-1FC4B1268062}
	EndGlobalSection
	GlobalSection(ExtensibilityGlobals) = postSolution
		SolutionGuid = {5D9D4B0F-52EA-42A2-9F96-340386411BB9}
	EndGlobalSection
EndGlobal
